// !$*UTF8*$!
{
	archiveVersion = 1;
	classes = {
	};
	objectVersion = 53;
	objects = {

/* Begin PBXBuildFile section */
		6D019A83242415FC004CB2E2 /* AppDelegate.swift in Sources */ = {isa = PBXBuildFile; fileRef = 6D019A82242415FC004CB2E2 /* AppDelegate.swift */; };
		6D019A85242415FC004CB2E2 /* ContentView.swift in Sources */ = {isa = PBXBuildFile; fileRef = 6D019A84242415FC004CB2E2 /* ContentView.swift */; };
		6D019A8A242415FE004CB2E2 /* Assets.xcassets in Resources */ = {isa = PBXBuildFile; fileRef = 6D019A89242415FE004CB2E2 /* Assets.xcassets */; };
		6D019A8D242415FE004CB2E2 /* Preview Assets.xcassets in Resources */ = {isa = PBXBuildFile; fileRef = 6D019A8C242415FE004CB2E2 /* Preview Assets.xcassets */; };
		6D019A90242415FE004CB2E2 /* Main.storyboard in Resources */ = {isa = PBXBuildFile; fileRef = 6D019A8E242415FE004CB2E2 /* Main.storyboard */; };
		6D019A9C242415FE004CB2E2 /* VibeChecker_macOSTests.swift in Sources */ = {isa = PBXBuildFile; fileRef = 6D019A9B242415FE004CB2E2 /* VibeChecker_macOSTests.swift */; };
		6D019AA7242415FE004CB2E2 /* VibeChecker_macOSUITests.swift in Sources */ = {isa = PBXBuildFile; fileRef = 6D019AA6242415FE004CB2E2 /* VibeChecker_macOSUITests.swift */; };
		6D019AB924241631004CB2E2 /* AppDelegate.swift in Sources */ = {isa = PBXBuildFile; fileRef = 6D019AB824241631004CB2E2 /* AppDelegate.swift */; };
		6D019ABB24241631004CB2E2 /* SceneDelegate.swift in Sources */ = {isa = PBXBuildFile; fileRef = 6D019ABA24241631004CB2E2 /* SceneDelegate.swift */; };
		6D019ABE24241631004CB2E2 /* VibeChecker_iOS.xcdatamodeld in Sources */ = {isa = PBXBuildFile; fileRef = 6D019ABC24241631004CB2E2 /* VibeChecker_iOS.xcdatamodeld */; };
		6D019AC024241631004CB2E2 /* ContentView.swift in Sources */ = {isa = PBXBuildFile; fileRef = 6D019ABF24241631004CB2E2 /* ContentView.swift */; };
		6D019AC224241632004CB2E2 /* Assets.xcassets in Resources */ = {isa = PBXBuildFile; fileRef = 6D019AC124241632004CB2E2 /* Assets.xcassets */; };
		6D019AC524241632004CB2E2 /* Preview Assets.xcassets in Resources */ = {isa = PBXBuildFile; fileRef = 6D019AC424241632004CB2E2 /* Preview Assets.xcassets */; };
		6D019AC824241632004CB2E2 /* LaunchScreen.storyboard in Resources */ = {isa = PBXBuildFile; fileRef = 6D019AC624241632004CB2E2 /* LaunchScreen.storyboard */; };
		6D019AD324241632004CB2E2 /* VibeChecker_iOSTests.swift in Sources */ = {isa = PBXBuildFile; fileRef = 6D019AD224241632004CB2E2 /* VibeChecker_iOSTests.swift */; };
		6D019ADE24241632004CB2E2 /* VibeChecker_iOSUITests.swift in Sources */ = {isa = PBXBuildFile; fileRef = 6D019ADD24241632004CB2E2 /* VibeChecker_iOSUITests.swift */; };
		6D019AE924241665004CB2E2 /* VibeChecker.xcdatamodeld in Sources */ = {isa = PBXBuildFile; fileRef = 6DC5CF1224119D30004E090B /* VibeChecker.xcdatamodeld */; };
		6D019AEA24241666004CB2E2 /* VibeChecker.xcdatamodeld in Sources */ = {isa = PBXBuildFile; fileRef = 6DC5CF1224119D30004E090B /* VibeChecker.xcdatamodeld */; };
		6D0BB0AF24391C08005D6A83 /* TrackRow.swift in Sources */ = {isa = PBXBuildFile; fileRef = 6D0BB0AE24391C08005D6A83 /* TrackRow.swift */; };
		6D0BB0B12439200C005D6A83 /* TrackList.swift in Sources */ = {isa = PBXBuildFile; fileRef = 6D0BB0B02439200C005D6A83 /* TrackList.swift */; };
		6D0BB0B324392C59005D6A83 /* TrackDetail.swift in Sources */ = {isa = PBXBuildFile; fileRef = 6D0BB0B224392C59005D6A83 /* TrackDetail.swift */; };
		6D0CB9492437CA9A00967BDD /* persistentContainer.swift in Sources */ = {isa = PBXBuildFile; fileRef = 6D0CB9482437CA9A00967BDD /* persistentContainer.swift */; };
		6D53737B242958CE00D4BB7D /* iTunesLibraryObjects.swift in Sources */ = {isa = PBXBuildFile; fileRef = 6D53737A242958CE00D4BB7D /* iTunesLibraryObjects.swift */; };
		6D6A24C0243BC1BA00D217E9 /* Playlist.swift in Sources */ = {isa = PBXBuildFile; fileRef = 6D6A24BF243BC1BA00D217E9 /* Playlist.swift */; };
		6D92009B2432943B005D438A /* iTunesPlaylists.swift in Sources */ = {isa = PBXBuildFile; fileRef = 6D92009A2432943B005D438A /* iTunesPlaylists.swift */; };
		6D99076324620927006EC46E /* OutlineNode.swift in Sources */ = {isa = PBXBuildFile; fileRef = 6D99076224620927006EC46E /* OutlineNode.swift */; };
		6D99076524620960006EC46E /* OutlineView.swift in Sources */ = {isa = PBXBuildFile; fileRef = 6D99076424620960006EC46E /* OutlineView.swift */; };
		6DACB053243C048000B85153 /* PlaylistRow.swift in Sources */ = {isa = PBXBuildFile; fileRef = 6DACB052243C048000B85153 /* PlaylistRow.swift */; };
		6DACB055243C0CD200B85153 /* PlaylistList.swift in Sources */ = {isa = PBXBuildFile; fileRef = 6DACB054243C0CD200B85153 /* PlaylistList.swift */; };
		6DB3CFCD2443BDED00FDE6D5 /* PlaylistDetail.swift in Sources */ = {isa = PBXBuildFile; fileRef = 6DB3CFCC2443BDED00FDE6D5 /* PlaylistDetail.swift */; };
		6DBE4C87243E774D001CC79A /* TrackCollection.swift in Sources */ = {isa = PBXBuildFile; fileRef = 6DBE4C86243E774D001CC79A /* TrackCollection.swift */; };
		6DC1256624524390007D8652 /* PlaylistSplitView.swift in Sources */ = {isa = PBXBuildFile; fileRef = 6DC1256524524390007D8652 /* PlaylistSplitView.swift */; };
		6DD16EB824422F5400BFC4D5 /* MainWindowTitlebar.swift in Sources */ = {isa = PBXBuildFile; fileRef = 6DD16EB724422F5400BFC4D5 /* MainWindowTitlebar.swift */; };
		6DD16EBA244288EA00BFC4D5 /* ITunesTracks.swift in Sources */ = {isa = PBXBuildFile; fileRef = 6DD16EB9244288EA00BFC4D5 /* ITunesTracks.swift */; };
		6DE14BC92450CC8500FCB029 /* Playlist+CoreData.swift in Sources */ = {isa = PBXBuildFile; fileRef = 6DE14BC72450CC8500FCB029 /* Playlist+CoreData.swift */; };
		6DE3FC39242E61670084CFDD /* Track.swift in Sources */ = {isa = PBXBuildFile; fileRef = 6DE3FC38242E61670084CFDD /* Track.swift */; };
		6DE3FC3A242E61670084CFDD /* Track.swift in Sources */ = {isa = PBXBuildFile; fileRef = 6DE3FC38242E61670084CFDD /* Track.swift */; };
/* End PBXBuildFile section */

/* Begin PBXContainerItemProxy section */
		6D019A98242415FE004CB2E2 /* PBXContainerItemProxy */ = {
			isa = PBXContainerItemProxy;
			containerPortal = 6DC5CF0324119D30004E090B /* Project object */;
			proxyType = 1;
			remoteGlobalIDString = 6D019A7F242415FC004CB2E2;
			remoteInfo = "VibeChecker-macOS";
		};
		6D019AA3242415FE004CB2E2 /* PBXContainerItemProxy */ = {
			isa = PBXContainerItemProxy;
			containerPortal = 6DC5CF0324119D30004E090B /* Project object */;
			proxyType = 1;
			remoteGlobalIDString = 6D019A7F242415FC004CB2E2;
			remoteInfo = "VibeChecker-macOS";
		};
		6D019ACF24241632004CB2E2 /* PBXContainerItemProxy */ = {
			isa = PBXContainerItemProxy;
			containerPortal = 6DC5CF0324119D30004E090B /* Project object */;
			proxyType = 1;
			remoteGlobalIDString = 6D019AB524241631004CB2E2;
			remoteInfo = "VibeChecker-iOS";
		};
		6D019ADA24241632004CB2E2 /* PBXContainerItemProxy */ = {
			isa = PBXContainerItemProxy;
			containerPortal = 6DC5CF0324119D30004E090B /* Project object */;
			proxyType = 1;
			remoteGlobalIDString = 6D019AB524241631004CB2E2;
			remoteInfo = "VibeChecker-iOS";
		};
/* End PBXContainerItemProxy section */

/* Begin PBXFileReference section */
		6D019A80242415FC004CB2E2 /* VibeChecker-macOS.app */ = {isa = PBXFileReference; explicitFileType = wrapper.application; includeInIndex = 0; path = "VibeChecker-macOS.app"; sourceTree = BUILT_PRODUCTS_DIR; };
		6D019A82242415FC004CB2E2 /* AppDelegate.swift */ = {isa = PBXFileReference; lastKnownFileType = sourcecode.swift; path = AppDelegate.swift; sourceTree = "<group>"; };
		6D019A84242415FC004CB2E2 /* ContentView.swift */ = {isa = PBXFileReference; lastKnownFileType = sourcecode.swift; path = ContentView.swift; sourceTree = "<group>"; };
		6D019A89242415FE004CB2E2 /* Assets.xcassets */ = {isa = PBXFileReference; lastKnownFileType = folder.assetcatalog; path = Assets.xcassets; sourceTree = "<group>"; };
		6D019A8C242415FE004CB2E2 /* Preview Assets.xcassets */ = {isa = PBXFileReference; lastKnownFileType = folder.assetcatalog; path = "Preview Assets.xcassets"; sourceTree = "<group>"; };
		6D019A8F242415FE004CB2E2 /* Base */ = {isa = PBXFileReference; lastKnownFileType = file.storyboard; name = Base; path = Base.lproj/Main.storyboard; sourceTree = "<group>"; };
		6D019A91242415FE004CB2E2 /* Info.plist */ = {isa = PBXFileReference; lastKnownFileType = text.plist.xml; path = Info.plist; sourceTree = "<group>"; };
		6D019A92242415FE004CB2E2 /* VibeChecker_macOS.entitlements */ = {isa = PBXFileReference; lastKnownFileType = text.plist.entitlements; path = VibeChecker_macOS.entitlements; sourceTree = "<group>"; };
		6D019A97242415FE004CB2E2 /* VibeChecker-macOSTests.xctest */ = {isa = PBXFileReference; explicitFileType = wrapper.cfbundle; includeInIndex = 0; path = "VibeChecker-macOSTests.xctest"; sourceTree = BUILT_PRODUCTS_DIR; };
		6D019A9B242415FE004CB2E2 /* VibeChecker_macOSTests.swift */ = {isa = PBXFileReference; lastKnownFileType = sourcecode.swift; path = VibeChecker_macOSTests.swift; sourceTree = "<group>"; };
		6D019A9D242415FE004CB2E2 /* Info.plist */ = {isa = PBXFileReference; lastKnownFileType = text.plist.xml; path = Info.plist; sourceTree = "<group>"; };
		6D019AA2242415FE004CB2E2 /* VibeChecker-macOSUITests.xctest */ = {isa = PBXFileReference; explicitFileType = wrapper.cfbundle; includeInIndex = 0; path = "VibeChecker-macOSUITests.xctest"; sourceTree = BUILT_PRODUCTS_DIR; };
		6D019AA6242415FE004CB2E2 /* VibeChecker_macOSUITests.swift */ = {isa = PBXFileReference; lastKnownFileType = sourcecode.swift; path = VibeChecker_macOSUITests.swift; sourceTree = "<group>"; };
		6D019AA8242415FE004CB2E2 /* Info.plist */ = {isa = PBXFileReference; lastKnownFileType = text.plist.xml; path = Info.plist; sourceTree = "<group>"; };
		6D019AB624241631004CB2E2 /* VibeChecker-iOS.app */ = {isa = PBXFileReference; explicitFileType = wrapper.application; includeInIndex = 0; path = "VibeChecker-iOS.app"; sourceTree = BUILT_PRODUCTS_DIR; };
		6D019AB824241631004CB2E2 /* AppDelegate.swift */ = {isa = PBXFileReference; lastKnownFileType = sourcecode.swift; path = AppDelegate.swift; sourceTree = "<group>"; };
		6D019ABA24241631004CB2E2 /* SceneDelegate.swift */ = {isa = PBXFileReference; lastKnownFileType = sourcecode.swift; path = SceneDelegate.swift; sourceTree = "<group>"; };
		6D019ABD24241631004CB2E2 /* VibeChecker_iOS.xcdatamodel */ = {isa = PBXFileReference; lastKnownFileType = wrapper.xcdatamodel; path = VibeChecker_iOS.xcdatamodel; sourceTree = "<group>"; };
		6D019ABF24241631004CB2E2 /* ContentView.swift */ = {isa = PBXFileReference; lastKnownFileType = sourcecode.swift; path = ContentView.swift; sourceTree = "<group>"; };
		6D019AC124241632004CB2E2 /* Assets.xcassets */ = {isa = PBXFileReference; lastKnownFileType = folder.assetcatalog; path = Assets.xcassets; sourceTree = "<group>"; };
		6D019AC424241632004CB2E2 /* Preview Assets.xcassets */ = {isa = PBXFileReference; lastKnownFileType = folder.assetcatalog; path = "Preview Assets.xcassets"; sourceTree = "<group>"; };
		6D019AC724241632004CB2E2 /* Base */ = {isa = PBXFileReference; lastKnownFileType = file.storyboard; name = Base; path = Base.lproj/LaunchScreen.storyboard; sourceTree = "<group>"; };
		6D019AC924241632004CB2E2 /* Info.plist */ = {isa = PBXFileReference; lastKnownFileType = text.plist.xml; path = Info.plist; sourceTree = "<group>"; };
		6D019ACE24241632004CB2E2 /* VibeChecker-iOSTests.xctest */ = {isa = PBXFileReference; explicitFileType = wrapper.cfbundle; includeInIndex = 0; path = "VibeChecker-iOSTests.xctest"; sourceTree = BUILT_PRODUCTS_DIR; };
		6D019AD224241632004CB2E2 /* VibeChecker_iOSTests.swift */ = {isa = PBXFileReference; lastKnownFileType = sourcecode.swift; path = VibeChecker_iOSTests.swift; sourceTree = "<group>"; };
		6D019AD424241632004CB2E2 /* Info.plist */ = {isa = PBXFileReference; lastKnownFileType = text.plist.xml; path = Info.plist; sourceTree = "<group>"; };
		6D019AD924241632004CB2E2 /* VibeChecker-iOSUITests.xctest */ = {isa = PBXFileReference; explicitFileType = wrapper.cfbundle; includeInIndex = 0; path = "VibeChecker-iOSUITests.xctest"; sourceTree = BUILT_PRODUCTS_DIR; };
		6D019ADD24241632004CB2E2 /* VibeChecker_iOSUITests.swift */ = {isa = PBXFileReference; lastKnownFileType = sourcecode.swift; path = VibeChecker_iOSUITests.swift; sourceTree = "<group>"; };
		6D019ADF24241632004CB2E2 /* Info.plist */ = {isa = PBXFileReference; lastKnownFileType = text.plist.xml; path = Info.plist; sourceTree = "<group>"; };
		6D0BB0AE24391C08005D6A83 /* TrackRow.swift */ = {isa = PBXFileReference; lastKnownFileType = sourcecode.swift; path = TrackRow.swift; sourceTree = "<group>"; };
		6D0BB0B02439200C005D6A83 /* TrackList.swift */ = {isa = PBXFileReference; fileEncoding = 4; lastKnownFileType = sourcecode.swift; path = TrackList.swift; sourceTree = "<group>"; };
		6D0BB0B224392C59005D6A83 /* TrackDetail.swift */ = {isa = PBXFileReference; fileEncoding = 4; lastKnownFileType = sourcecode.swift; path = TrackDetail.swift; sourceTree = "<group>"; };
		6D0CB9482437CA9A00967BDD /* persistentContainer.swift */ = {isa = PBXFileReference; lastKnownFileType = sourcecode.swift; path = persistentContainer.swift; sourceTree = "<group>"; };
		6D53737A242958CE00D4BB7D /* iTunesLibraryObjects.swift */ = {isa = PBXFileReference; lastKnownFileType = sourcecode.swift; path = iTunesLibraryObjects.swift; sourceTree = "<group>"; };
		6D62D7D02416F743007A0346 /* README.md */ = {isa = PBXFileReference; lastKnownFileType = net.daringfireball.markdown; path = README.md; sourceTree = "<group>"; };
		6D6A24BF243BC1BA00D217E9 /* Playlist.swift */ = {isa = PBXFileReference; lastKnownFileType = sourcecode.swift; path = Playlist.swift; sourceTree = "<group>"; };
		6D92009A2432943B005D438A /* iTunesPlaylists.swift */ = {isa = PBXFileReference; lastKnownFileType = sourcecode.swift; path = iTunesPlaylists.swift; sourceTree = "<group>"; };
		6D99076224620927006EC46E /* OutlineNode.swift */ = {isa = PBXFileReference; lastKnownFileType = sourcecode.swift; path = OutlineNode.swift; sourceTree = "<group>"; };
		6D99076424620960006EC46E /* OutlineView.swift */ = {isa = PBXFileReference; lastKnownFileType = sourcecode.swift; path = OutlineView.swift; sourceTree = "<group>"; };
		6DACB052243C048000B85153 /* PlaylistRow.swift */ = {isa = PBXFileReference; lastKnownFileType = sourcecode.swift; path = PlaylistRow.swift; sourceTree = "<group>"; };
		6DACB054243C0CD200B85153 /* PlaylistList.swift */ = {isa = PBXFileReference; fileEncoding = 4; lastKnownFileType = sourcecode.swift; path = PlaylistList.swift; sourceTree = "<group>"; };
		6DB3CFCC2443BDED00FDE6D5 /* PlaylistDetail.swift */ = {isa = PBXFileReference; fileEncoding = 4; lastKnownFileType = sourcecode.swift; path = PlaylistDetail.swift; sourceTree = "<group>"; };
		6DBE4C86243E774D001CC79A /* TrackCollection.swift */ = {isa = PBXFileReference; lastKnownFileType = sourcecode.swift; path = TrackCollection.swift; sourceTree = "<group>"; };
		6DC1256524524390007D8652 /* PlaylistSplitView.swift */ = {isa = PBXFileReference; lastKnownFileType = sourcecode.swift; path = PlaylistSplitView.swift; sourceTree = "<group>"; };
		6DC5CF1324119D30004E090B /* VibeChecker.xcdatamodel */ = {isa = PBXFileReference; lastKnownFileType = wrapper.xcdatamodel; path = VibeChecker.xcdatamodel; sourceTree = "<group>"; };
		6DD16EB724422F5400BFC4D5 /* MainWindowTitlebar.swift */ = {isa = PBXFileReference; lastKnownFileType = sourcecode.swift; path = MainWindowTitlebar.swift; sourceTree = "<group>"; };
		6DD16EB9244288EA00BFC4D5 /* ITunesTracks.swift */ = {isa = PBXFileReference; fileEncoding = 4; lastKnownFileType = sourcecode.swift; path = ITunesTracks.swift; sourceTree = "<group>"; };
		6DE14BC72450CC8500FCB029 /* Playlist+CoreData.swift */ = {isa = PBXFileReference; lastKnownFileType = sourcecode.swift; path = "Playlist+CoreData.swift"; sourceTree = "<group>"; };
		6DE3FC38242E61670084CFDD /* Track.swift */ = {isa = PBXFileReference; lastKnownFileType = sourcecode.swift; path = Track.swift; sourceTree = "<group>"; };
/* End PBXFileReference section */

/* Begin PBXFrameworksBuildPhase section */
		6D019A7D242415FC004CB2E2 /* Frameworks */ = {
			isa = PBXFrameworksBuildPhase;
			buildActionMask = 2147483647;
			files = (
			);
			runOnlyForDeploymentPostprocessing = 0;
		};
		6D019A94242415FE004CB2E2 /* Frameworks */ = {
			isa = PBXFrameworksBuildPhase;
			buildActionMask = 2147483647;
			files = (
			);
			runOnlyForDeploymentPostprocessing = 0;
		};
		6D019A9F242415FE004CB2E2 /* Frameworks */ = {
			isa = PBXFrameworksBuildPhase;
			buildActionMask = 2147483647;
			files = (
			);
			runOnlyForDeploymentPostprocessing = 0;
		};
		6D019AB324241631004CB2E2 /* Frameworks */ = {
			isa = PBXFrameworksBuildPhase;
			buildActionMask = 2147483647;
			files = (
			);
			runOnlyForDeploymentPostprocessing = 0;
		};
		6D019ACB24241632004CB2E2 /* Frameworks */ = {
			isa = PBXFrameworksBuildPhase;
			buildActionMask = 2147483647;
			files = (
			);
			runOnlyForDeploymentPostprocessing = 0;
		};
		6D019AD624241632004CB2E2 /* Frameworks */ = {
			isa = PBXFrameworksBuildPhase;
			buildActionMask = 2147483647;
			files = (
			);
			runOnlyForDeploymentPostprocessing = 0;
		};
/* End PBXFrameworksBuildPhase section */

/* Begin PBXGroup section */
		6D019A81242415FC004CB2E2 /* VibeChecker-macOS */ = {
			isa = PBXGroup;
			children = (
				6D0CB9482437CA9A00967BDD /* persistentContainer.swift */,
				6D019A82242415FC004CB2E2 /* AppDelegate.swift */,
				6DD16EB724422F5400BFC4D5 /* MainWindowTitlebar.swift */,
				6D019A84242415FC004CB2E2 /* ContentView.swift */,
				6D6A24C1243BC3D200D217E9 /* Views */,
				6D019A89242415FE004CB2E2 /* Assets.xcassets */,
				6D019A8E242415FE004CB2E2 /* Main.storyboard */,
				6D019A91242415FE004CB2E2 /* Info.plist */,
				6D019A92242415FE004CB2E2 /* VibeChecker_macOS.entitlements */,
				6D333825243A5A6300A569C2 /* iTunesLibrary */,
				6D019A8B242415FE004CB2E2 /* Preview Content */,
			);
			path = "VibeChecker-macOS";
			sourceTree = "<group>";
		};
		6D019A8B242415FE004CB2E2 /* Preview Content */ = {
			isa = PBXGroup;
			children = (
				6D019A8C242415FE004CB2E2 /* Preview Assets.xcassets */,
			);
			path = "Preview Content";
			sourceTree = "<group>";
		};
		6D019A9A242415FE004CB2E2 /* VibeChecker-macOSTests */ = {
			isa = PBXGroup;
			children = (
				6D019A9B242415FE004CB2E2 /* VibeChecker_macOSTests.swift */,
				6D019A9D242415FE004CB2E2 /* Info.plist */,
			);
			path = "VibeChecker-macOSTests";
			sourceTree = "<group>";
		};
		6D019AA5242415FE004CB2E2 /* VibeChecker-macOSUITests */ = {
			isa = PBXGroup;
			children = (
				6D019AA6242415FE004CB2E2 /* VibeChecker_macOSUITests.swift */,
				6D019AA8242415FE004CB2E2 /* Info.plist */,
			);
			path = "VibeChecker-macOSUITests";
			sourceTree = "<group>";
		};
		6D019AB724241631004CB2E2 /* VibeChecker-iOS */ = {
			isa = PBXGroup;
			children = (
				6D019AB824241631004CB2E2 /* AppDelegate.swift */,
				6D019ABA24241631004CB2E2 /* SceneDelegate.swift */,
				6D019ABF24241631004CB2E2 /* ContentView.swift */,
				6D019AC124241632004CB2E2 /* Assets.xcassets */,
				6D019AC624241632004CB2E2 /* LaunchScreen.storyboard */,
				6D019AC924241632004CB2E2 /* Info.plist */,
				6D019ABC24241631004CB2E2 /* VibeChecker_iOS.xcdatamodeld */,
				6D019AC324241632004CB2E2 /* Preview Content */,
			);
			path = "VibeChecker-iOS";
			sourceTree = "<group>";
		};
		6D019AC324241632004CB2E2 /* Preview Content */ = {
			isa = PBXGroup;
			children = (
				6D019AC424241632004CB2E2 /* Preview Assets.xcassets */,
			);
			path = "Preview Content";
			sourceTree = "<group>";
		};
		6D019AD124241632004CB2E2 /* VibeChecker-iOSTests */ = {
			isa = PBXGroup;
			children = (
				6D019AD224241632004CB2E2 /* VibeChecker_iOSTests.swift */,
				6D019AD424241632004CB2E2 /* Info.plist */,
			);
			path = "VibeChecker-iOSTests";
			sourceTree = "<group>";
		};
		6D019ADC24241632004CB2E2 /* VibeChecker-iOSUITests */ = {
			isa = PBXGroup;
			children = (
				6D019ADD24241632004CB2E2 /* VibeChecker_iOSUITests.swift */,
				6D019ADF24241632004CB2E2 /* Info.plist */,
			);
			path = "VibeChecker-iOSUITests";
			sourceTree = "<group>";
		};
		6D019AEB24241695004CB2E2 /* Shared */ = {
			isa = PBXGroup;
			children = (
				6D5373792429587000D4BB7D /* Models */,
			);
			path = Shared;
			sourceTree = "<group>";
		};
		6D333825243A5A6300A569C2 /* iTunesLibrary */ = {
			isa = PBXGroup;
			children = (
				6D53737A242958CE00D4BB7D /* iTunesLibraryObjects.swift */,
				6D92009A2432943B005D438A /* iTunesPlaylists.swift */,
				6DD16EB9244288EA00BFC4D5 /* ITunesTracks.swift */,
			);
			path = iTunesLibrary;
			sourceTree = "<group>";
		};
		6D5373792429587000D4BB7D /* Models */ = {
			isa = PBXGroup;
			children = (
				6DC5CF1224119D30004E090B /* VibeChecker.xcdatamodeld */,
				6DE3FC38242E61670084CFDD /* Track.swift */,
				6DE14BC72450CC8500FCB029 /* Playlist+CoreData.swift */,
				6D6A24BF243BC1BA00D217E9 /* Playlist.swift */,
				6DBE4C86243E774D001CC79A /* TrackCollection.swift */,
			);
			path = Models;
			sourceTree = "<group>";
		};
		6D6A24C1243BC3D200D217E9 /* Views */ = {
			isa = PBXGroup;
			children = (
				6D0BB0B224392C59005D6A83 /* TrackDetail.swift */,
				6D0BB0B02439200C005D6A83 /* TrackList.swift */,
				6D0BB0AE24391C08005D6A83 /* TrackRow.swift */,
				6DACB052243C048000B85153 /* PlaylistRow.swift */,
				6D990761246208D7006EC46E /* OutlineView */,
				6DACB054243C0CD200B85153 /* PlaylistList.swift */,
				6DC1256524524390007D8652 /* PlaylistSplitView.swift */,
				6DB3CFCC2443BDED00FDE6D5 /* PlaylistDetail.swift */,
			);
			path = Views;
			sourceTree = "<group>";
		};
		6D990761246208D7006EC46E /* OutlineView */ = {
			isa = PBXGroup;
			children = (
				6D99076224620927006EC46E /* OutlineNode.swift */,
				6D99076424620960006EC46E /* OutlineView.swift */,
			);
			path = OutlineView;
			sourceTree = "<group>";
		};
		6DC5CF0224119D30004E090B = {
			isa = PBXGroup;
			children = (
				6D62D7D02416F743007A0346 /* README.md */,
				6D019AEB24241695004CB2E2 /* Shared */,
				6D019A81242415FC004CB2E2 /* VibeChecker-macOS */,
				6D019A9A242415FE004CB2E2 /* VibeChecker-macOSTests */,
				6D019AA5242415FE004CB2E2 /* VibeChecker-macOSUITests */,
				6D019AB724241631004CB2E2 /* VibeChecker-iOS */,
				6D019AD124241632004CB2E2 /* VibeChecker-iOSTests */,
				6D019ADC24241632004CB2E2 /* VibeChecker-iOSUITests */,
				6DC5CF0C24119D30004E090B /* Products */,
			);
			sourceTree = "<group>";
		};
		6DC5CF0C24119D30004E090B /* Products */ = {
			isa = PBXGroup;
			children = (
				6D019A80242415FC004CB2E2 /* VibeChecker-macOS.app */,
				6D019A97242415FE004CB2E2 /* VibeChecker-macOSTests.xctest */,
				6D019AA2242415FE004CB2E2 /* VibeChecker-macOSUITests.xctest */,
				6D019AB624241631004CB2E2 /* VibeChecker-iOS.app */,
				6D019ACE24241632004CB2E2 /* VibeChecker-iOSTests.xctest */,
				6D019AD924241632004CB2E2 /* VibeChecker-iOSUITests.xctest */,
			);
			name = Products;
			sourceTree = "<group>";
		};
/* End PBXGroup section */

/* Begin PBXNativeTarget section */
		6D019A7F242415FC004CB2E2 /* VibeChecker-macOS */ = {
			isa = PBXNativeTarget;
			buildConfigurationList = 6D019AA9242415FE004CB2E2 /* Build configuration list for PBXNativeTarget "VibeChecker-macOS" */;
			buildPhases = (
				6D019A7C242415FC004CB2E2 /* Sources */,
				6D019A7D242415FC004CB2E2 /* Frameworks */,
				6D019A7E242415FC004CB2E2 /* Resources */,
			);
			buildRules = (
			);
			dependencies = (
			);
			name = "VibeChecker-macOS";
			productName = "VibeChecker-macOS";
			productReference = 6D019A80242415FC004CB2E2 /* VibeChecker-macOS.app */;
			productType = "com.apple.product-type.application";
		};
		6D019A96242415FE004CB2E2 /* VibeChecker-macOSTests */ = {
			isa = PBXNativeTarget;
			buildConfigurationList = 6D019AAC242415FE004CB2E2 /* Build configuration list for PBXNativeTarget "VibeChecker-macOSTests" */;
			buildPhases = (
				6D019A93242415FE004CB2E2 /* Sources */,
				6D019A94242415FE004CB2E2 /* Frameworks */,
				6D019A95242415FE004CB2E2 /* Resources */,
			);
			buildRules = (
			);
			dependencies = (
				6D019A99242415FE004CB2E2 /* PBXTargetDependency */,
			);
			name = "VibeChecker-macOSTests";
			productName = "VibeChecker-macOSTests";
			productReference = 6D019A97242415FE004CB2E2 /* VibeChecker-macOSTests.xctest */;
			productType = "com.apple.product-type.bundle.unit-test";
		};
		6D019AA1242415FE004CB2E2 /* VibeChecker-macOSUITests */ = {
			isa = PBXNativeTarget;
			buildConfigurationList = 6D019AAF242415FE004CB2E2 /* Build configuration list for PBXNativeTarget "VibeChecker-macOSUITests" */;
			buildPhases = (
				6D019A9E242415FE004CB2E2 /* Sources */,
				6D019A9F242415FE004CB2E2 /* Frameworks */,
				6D019AA0242415FE004CB2E2 /* Resources */,
			);
			buildRules = (
			);
			dependencies = (
				6D019AA4242415FE004CB2E2 /* PBXTargetDependency */,
			);
			name = "VibeChecker-macOSUITests";
			productName = "VibeChecker-macOSUITests";
			productReference = 6D019AA2242415FE004CB2E2 /* VibeChecker-macOSUITests.xctest */;
			productType = "com.apple.product-type.bundle.ui-testing";
		};
		6D019AB524241631004CB2E2 /* VibeChecker-iOS */ = {
			isa = PBXNativeTarget;
			buildConfigurationList = 6D019AE024241633004CB2E2 /* Build configuration list for PBXNativeTarget "VibeChecker-iOS" */;
			buildPhases = (
				6D019AB224241631004CB2E2 /* Sources */,
				6D019AB324241631004CB2E2 /* Frameworks */,
				6D019AB424241631004CB2E2 /* Resources */,
			);
			buildRules = (
			);
			dependencies = (
			);
			name = "VibeChecker-iOS";
			productName = "VibeChecker-iOS";
			productReference = 6D019AB624241631004CB2E2 /* VibeChecker-iOS.app */;
			productType = "com.apple.product-type.application";
		};
		6D019ACD24241632004CB2E2 /* VibeChecker-iOSTests */ = {
			isa = PBXNativeTarget;
			buildConfigurationList = 6D019AE324241633004CB2E2 /* Build configuration list for PBXNativeTarget "VibeChecker-iOSTests" */;
			buildPhases = (
				6D019ACA24241632004CB2E2 /* Sources */,
				6D019ACB24241632004CB2E2 /* Frameworks */,
				6D019ACC24241632004CB2E2 /* Resources */,
			);
			buildRules = (
			);
			dependencies = (
				6D019AD024241632004CB2E2 /* PBXTargetDependency */,
			);
			name = "VibeChecker-iOSTests";
			productName = "VibeChecker-iOSTests";
			productReference = 6D019ACE24241632004CB2E2 /* VibeChecker-iOSTests.xctest */;
			productType = "com.apple.product-type.bundle.unit-test";
		};
		6D019AD824241632004CB2E2 /* VibeChecker-iOSUITests */ = {
			isa = PBXNativeTarget;
			buildConfigurationList = 6D019AE624241633004CB2E2 /* Build configuration list for PBXNativeTarget "VibeChecker-iOSUITests" */;
			buildPhases = (
				6D019AD524241632004CB2E2 /* Sources */,
				6D019AD624241632004CB2E2 /* Frameworks */,
				6D019AD724241632004CB2E2 /* Resources */,
			);
			buildRules = (
			);
			dependencies = (
				6D019ADB24241632004CB2E2 /* PBXTargetDependency */,
			);
			name = "VibeChecker-iOSUITests";
			productName = "VibeChecker-iOSUITests";
			productReference = 6D019AD924241632004CB2E2 /* VibeChecker-iOSUITests.xctest */;
			productType = "com.apple.product-type.bundle.ui-testing";
		};
/* End PBXNativeTarget section */

/* Begin PBXProject section */
		6DC5CF0324119D30004E090B /* Project object */ = {
			isa = PBXProject;
			attributes = {
				LastSwiftUpdateCheck = 1140;
				LastUpgradeCheck = 1150;
				ORGANIZATIONNAME = "Toph Allen";
				TargetAttributes = {
					6D019A7F242415FC004CB2E2 = {
						CreatedOnToolsVersion = 11.4;
					};
					6D019A96242415FE004CB2E2 = {
						CreatedOnToolsVersion = 11.4;
						TestTargetID = 6D019A7F242415FC004CB2E2;
					};
					6D019AA1242415FE004CB2E2 = {
						CreatedOnToolsVersion = 11.4;
						TestTargetID = 6D019A7F242415FC004CB2E2;
					};
					6D019AB524241631004CB2E2 = {
						CreatedOnToolsVersion = 11.4;
					};
					6D019ACD24241632004CB2E2 = {
						CreatedOnToolsVersion = 11.4;
						TestTargetID = 6D019AB524241631004CB2E2;
					};
					6D019AD824241632004CB2E2 = {
						CreatedOnToolsVersion = 11.4;
						TestTargetID = 6D019AB524241631004CB2E2;
					};
				};
			};
			buildConfigurationList = 6DC5CF0624119D30004E090B /* Build configuration list for PBXProject "VibeChecker" */;
			compatibilityVersion = "Xcode 11.4";
			developmentRegion = en;
			hasScannedForEncodings = 0;
			knownRegions = (
				en,
				Base,
			);
			mainGroup = 6DC5CF0224119D30004E090B;
			productRefGroup = 6DC5CF0C24119D30004E090B /* Products */;
			projectDirPath = "";
			projectRoot = "";
			targets = (
				6D019A7F242415FC004CB2E2 /* VibeChecker-macOS */,
				6D019A96242415FE004CB2E2 /* VibeChecker-macOSTests */,
				6D019AA1242415FE004CB2E2 /* VibeChecker-macOSUITests */,
				6D019AB524241631004CB2E2 /* VibeChecker-iOS */,
				6D019ACD24241632004CB2E2 /* VibeChecker-iOSTests */,
				6D019AD824241632004CB2E2 /* VibeChecker-iOSUITests */,
			);
		};
/* End PBXProject section */

/* Begin PBXResourcesBuildPhase section */
		6D019A7E242415FC004CB2E2 /* Resources */ = {
			isa = PBXResourcesBuildPhase;
			buildActionMask = 2147483647;
			files = (
				6D019A90242415FE004CB2E2 /* Main.storyboard in Resources */,
				6D019A8D242415FE004CB2E2 /* Preview Assets.xcassets in Resources */,
				6D019A8A242415FE004CB2E2 /* Assets.xcassets in Resources */,
			);
			runOnlyForDeploymentPostprocessing = 0;
		};
		6D019A95242415FE004CB2E2 /* Resources */ = {
			isa = PBXResourcesBuildPhase;
			buildActionMask = 2147483647;
			files = (
			);
			runOnlyForDeploymentPostprocessing = 0;
		};
		6D019AA0242415FE004CB2E2 /* Resources */ = {
			isa = PBXResourcesBuildPhase;
			buildActionMask = 2147483647;
			files = (
			);
			runOnlyForDeploymentPostprocessing = 0;
		};
		6D019AB424241631004CB2E2 /* Resources */ = {
			isa = PBXResourcesBuildPhase;
			buildActionMask = 2147483647;
			files = (
				6D019AC824241632004CB2E2 /* LaunchScreen.storyboard in Resources */,
				6D019AC524241632004CB2E2 /* Preview Assets.xcassets in Resources */,
				6D019AC224241632004CB2E2 /* Assets.xcassets in Resources */,
			);
			runOnlyForDeploymentPostprocessing = 0;
		};
		6D019ACC24241632004CB2E2 /* Resources */ = {
			isa = PBXResourcesBuildPhase;
			buildActionMask = 2147483647;
			files = (
			);
			runOnlyForDeploymentPostprocessing = 0;
		};
		6D019AD724241632004CB2E2 /* Resources */ = {
			isa = PBXResourcesBuildPhase;
			buildActionMask = 2147483647;
			files = (
			);
			runOnlyForDeploymentPostprocessing = 0;
		};
/* End PBXResourcesBuildPhase section */

/* Begin PBXSourcesBuildPhase section */
		6D019A7C242415FC004CB2E2 /* Sources */ = {
			isa = PBXSourcesBuildPhase;
			buildActionMask = 2147483647;
			files = (
				6D0BB0B12439200C005D6A83 /* TrackList.swift in Sources */,
				6D92009B2432943B005D438A /* iTunesPlaylists.swift in Sources */,
				6DACB053243C048000B85153 /* PlaylistRow.swift in Sources */,
				6DB3CFCD2443BDED00FDE6D5 /* PlaylistDetail.swift in Sources */,
				6D019A85242415FC004CB2E2 /* ContentView.swift in Sources */,
				6D99076324620927006EC46E /* OutlineNode.swift in Sources */,
				6D99076524620960006EC46E /* OutlineView.swift in Sources */,
				6DE3FC39242E61670084CFDD /* Track.swift in Sources */,
				6D019A83242415FC004CB2E2 /* AppDelegate.swift in Sources */,
				6D0CB9492437CA9A00967BDD /* persistentContainer.swift in Sources */,
				6DE14BC92450CC8500FCB029 /* Playlist+CoreData.swift in Sources */,
				6DD16EB824422F5400BFC4D5 /* MainWindowTitlebar.swift in Sources */,
				6DACB055243C0CD200B85153 /* PlaylistList.swift in Sources */,
				6D0BB0B324392C59005D6A83 /* TrackDetail.swift in Sources */,
				6DBE4C87243E774D001CC79A /* TrackCollection.swift in Sources */,
				6D019AE924241665004CB2E2 /* VibeChecker.xcdatamodeld in Sources */,
				6D6A24C0243BC1BA00D217E9 /* Playlist.swift in Sources */,
				6D0BB0AF24391C08005D6A83 /* TrackRow.swift in Sources */,
				6DD16EBA244288EA00BFC4D5 /* ITunesTracks.swift in Sources */,
				6D53737B242958CE00D4BB7D /* iTunesLibraryObjects.swift in Sources */,
				6DC1256624524390007D8652 /* PlaylistSplitView.swift in Sources */,
			);
			runOnlyForDeploymentPostprocessing = 0;
		};
		6D019A93242415FE004CB2E2 /* Sources */ = {
			isa = PBXSourcesBuildPhase;
			buildActionMask = 2147483647;
			files = (
				6D019A9C242415FE004CB2E2 /* VibeChecker_macOSTests.swift in Sources */,
			);
			runOnlyForDeploymentPostprocessing = 0;
		};
		6D019A9E242415FE004CB2E2 /* Sources */ = {
			isa = PBXSourcesBuildPhase;
			buildActionMask = 2147483647;
			files = (
				6D019AA7242415FE004CB2E2 /* VibeChecker_macOSUITests.swift in Sources */,
			);
			runOnlyForDeploymentPostprocessing = 0;
		};
		6D019AB224241631004CB2E2 /* Sources */ = {
			isa = PBXSourcesBuildPhase;
			buildActionMask = 2147483647;
			files = (
				6D019AB924241631004CB2E2 /* AppDelegate.swift in Sources */,
				6D019ABB24241631004CB2E2 /* SceneDelegate.swift in Sources */,
				6D019AEA24241666004CB2E2 /* VibeChecker.xcdatamodeld in Sources */,
				6D019AC024241631004CB2E2 /* ContentView.swift in Sources */,
				6D019ABE24241631004CB2E2 /* VibeChecker_iOS.xcdatamodeld in Sources */,
				6DE3FC3A242E61670084CFDD /* Track.swift in Sources */,
			);
			runOnlyForDeploymentPostprocessing = 0;
		};
		6D019ACA24241632004CB2E2 /* Sources */ = {
			isa = PBXSourcesBuildPhase;
			buildActionMask = 2147483647;
			files = (
				6D019AD324241632004CB2E2 /* VibeChecker_iOSTests.swift in Sources */,
			);
			runOnlyForDeploymentPostprocessing = 0;
		};
		6D019AD524241632004CB2E2 /* Sources */ = {
			isa = PBXSourcesBuildPhase;
			buildActionMask = 2147483647;
			files = (
				6D019ADE24241632004CB2E2 /* VibeChecker_iOSUITests.swift in Sources */,
			);
			runOnlyForDeploymentPostprocessing = 0;
		};
/* End PBXSourcesBuildPhase section */

/* Begin PBXTargetDependency section */
		6D019A99242415FE004CB2E2 /* PBXTargetDependency */ = {
			isa = PBXTargetDependency;
			target = 6D019A7F242415FC004CB2E2 /* VibeChecker-macOS */;
			targetProxy = 6D019A98242415FE004CB2E2 /* PBXContainerItemProxy */;
		};
		6D019AA4242415FE004CB2E2 /* PBXTargetDependency */ = {
			isa = PBXTargetDependency;
			target = 6D019A7F242415FC004CB2E2 /* VibeChecker-macOS */;
			targetProxy = 6D019AA3242415FE004CB2E2 /* PBXContainerItemProxy */;
		};
		6D019AD024241632004CB2E2 /* PBXTargetDependency */ = {
			isa = PBXTargetDependency;
			target = 6D019AB524241631004CB2E2 /* VibeChecker-iOS */;
			targetProxy = 6D019ACF24241632004CB2E2 /* PBXContainerItemProxy */;
		};
		6D019ADB24241632004CB2E2 /* PBXTargetDependency */ = {
			isa = PBXTargetDependency;
			target = 6D019AB524241631004CB2E2 /* VibeChecker-iOS */;
			targetProxy = 6D019ADA24241632004CB2E2 /* PBXContainerItemProxy */;
		};
/* End PBXTargetDependency section */

/* Begin PBXVariantGroup section */
		6D019A8E242415FE004CB2E2 /* Main.storyboard */ = {
			isa = PBXVariantGroup;
			children = (
				6D019A8F242415FE004CB2E2 /* Base */,
			);
			name = Main.storyboard;
			sourceTree = "<group>";
		};
		6D019AC624241632004CB2E2 /* LaunchScreen.storyboard */ = {
			isa = PBXVariantGroup;
			children = (
				6D019AC724241632004CB2E2 /* Base */,
			);
			name = LaunchScreen.storyboard;
			sourceTree = "<group>";
		};
/* End PBXVariantGroup section */

/* Begin XCBuildConfiguration section */
		6D019AAA242415FE004CB2E2 /* Debug */ = {
			isa = XCBuildConfiguration;
			buildSettings = {
				ASSETCATALOG_COMPILER_APPICON_NAME = AppIcon;
				CODE_SIGN_ENTITLEMENTS = "VibeChecker-macOS/VibeChecker_macOS.entitlements";
				CODE_SIGN_IDENTITY = "-";
				CODE_SIGN_STYLE = Automatic;
				COMBINE_HIDPI_IMAGES = YES;
				DEVELOPMENT_ASSET_PATHS = "\"VibeChecker-macOS/Preview Content\"";
				DEVELOPMENT_TEAM = 57853V5JA8;
				ENABLE_HARDENED_RUNTIME = YES;
				ENABLE_ONLY_ACTIVE_RESOURCES = YES;
				ENABLE_PREVIEWS = YES;
				INFOPLIST_FILE = "VibeChecker-macOS/Info.plist";
				LD_RUNPATH_SEARCH_PATHS = (
					"$(inherited)",
					"@executable_path/../Frameworks",
				);
				MACOSX_DEPLOYMENT_TARGET = 10.15;
				PRODUCT_BUNDLE_IDENTIFIER = "io.toph.VibeChecker-macOS";
				PRODUCT_NAME = "$(TARGET_NAME)";
				SDKROOT = macosx;
				SWIFT_OBJC_BRIDGING_HEADER = "";
				SWIFT_VERSION = 5.0;
			};
			name = Debug;
		};
		6D019AAB242415FE004CB2E2 /* Release */ = {
			isa = XCBuildConfiguration;
			buildSettings = {
				ASSETCATALOG_COMPILER_APPICON_NAME = AppIcon;
				CODE_SIGN_ENTITLEMENTS = "VibeChecker-macOS/VibeChecker_macOS.entitlements";
				CODE_SIGN_IDENTITY = "-";
				CODE_SIGN_STYLE = Automatic;
				COMBINE_HIDPI_IMAGES = YES;
				DEVELOPMENT_ASSET_PATHS = "\"VibeChecker-macOS/Preview Content\"";
				DEVELOPMENT_TEAM = 57853V5JA8;
				ENABLE_HARDENED_RUNTIME = YES;
				ENABLE_ONLY_ACTIVE_RESOURCES = YES;
				ENABLE_PREVIEWS = YES;
				INFOPLIST_FILE = "VibeChecker-macOS/Info.plist";
				LD_RUNPATH_SEARCH_PATHS = (
					"$(inherited)",
					"@executable_path/../Frameworks",
				);
				MACOSX_DEPLOYMENT_TARGET = 10.15;
				PRODUCT_BUNDLE_IDENTIFIER = "io.toph.VibeChecker-macOS";
				PRODUCT_NAME = "$(TARGET_NAME)";
				SDKROOT = macosx;
				SWIFT_OBJC_BRIDGING_HEADER = "";
				SWIFT_VERSION = 5.0;
			};
			name = Release;
		};
		6D019AAD242415FE004CB2E2 /* Debug */ = {
			isa = XCBuildConfiguration;
			buildSettings = {
				ALWAYS_EMBED_SWIFT_STANDARD_LIBRARIES = YES;
				BUNDLE_LOADER = "$(TEST_HOST)";
				CODE_SIGN_STYLE = Automatic;
				COMBINE_HIDPI_IMAGES = YES;
				DEVELOPMENT_TEAM = 57853V5JA8;
				INFOPLIST_FILE = "VibeChecker-macOSTests/Info.plist";
				LD_RUNPATH_SEARCH_PATHS = (
					"$(inherited)",
					"@executable_path/../Frameworks",
					"@loader_path/../Frameworks",
				);
				MACOSX_DEPLOYMENT_TARGET = 10.15;
				PRODUCT_BUNDLE_IDENTIFIER = "io.toph.VibeChecker-macOSTests";
				PRODUCT_NAME = "$(TARGET_NAME)";
				SDKROOT = macosx;
				SWIFT_VERSION = 5.0;
				TEST_HOST = "$(BUILT_PRODUCTS_DIR)/VibeChecker-macOS.app/Contents/MacOS/VibeChecker-macOS";
			};
			name = Debug;
		};
		6D019AAE242415FE004CB2E2 /* Release */ = {
			isa = XCBuildConfiguration;
			buildSettings = {
				ALWAYS_EMBED_SWIFT_STANDARD_LIBRARIES = YES;
				BUNDLE_LOADER = "$(TEST_HOST)";
				CODE_SIGN_STYLE = Automatic;
				COMBINE_HIDPI_IMAGES = YES;
				DEVELOPMENT_TEAM = 57853V5JA8;
				INFOPLIST_FILE = "VibeChecker-macOSTests/Info.plist";
				LD_RUNPATH_SEARCH_PATHS = (
					"$(inherited)",
					"@executable_path/../Frameworks",
					"@loader_path/../Frameworks",
				);
				MACOSX_DEPLOYMENT_TARGET = 10.15;
				PRODUCT_BUNDLE_IDENTIFIER = "io.toph.VibeChecker-macOSTests";
				PRODUCT_NAME = "$(TARGET_NAME)";
				SDKROOT = macosx;
				SWIFT_VERSION = 5.0;
				TEST_HOST = "$(BUILT_PRODUCTS_DIR)/VibeChecker-macOS.app/Contents/MacOS/VibeChecker-macOS";
			};
			name = Release;
		};
		6D019AB0242415FE004CB2E2 /* Debug */ = {
			isa = XCBuildConfiguration;
			buildSettings = {
				ALWAYS_EMBED_SWIFT_STANDARD_LIBRARIES = YES;
				CODE_SIGN_STYLE = Automatic;
				COMBINE_HIDPI_IMAGES = YES;
				DEVELOPMENT_TEAM = 57853V5JA8;
				INFOPLIST_FILE = "VibeChecker-macOSUITests/Info.plist";
				LD_RUNPATH_SEARCH_PATHS = (
					"$(inherited)",
					"@executable_path/../Frameworks",
					"@loader_path/../Frameworks",
				);
				MACOSX_DEPLOYMENT_TARGET = 10.15;
				PRODUCT_BUNDLE_IDENTIFIER = "io.toph.VibeChecker-macOSUITests";
				PRODUCT_NAME = "$(TARGET_NAME)";
				SDKROOT = macosx;
				SWIFT_VERSION = 5.0;
				TEST_TARGET_NAME = "VibeChecker-macOS";
			};
			name = Debug;
		};
		6D019AB1242415FE004CB2E2 /* Release */ = {
			isa = XCBuildConfiguration;
			buildSettings = {
				ALWAYS_EMBED_SWIFT_STANDARD_LIBRARIES = YES;
				CODE_SIGN_STYLE = Automatic;
				COMBINE_HIDPI_IMAGES = YES;
				DEVELOPMENT_TEAM = 57853V5JA8;
				INFOPLIST_FILE = "VibeChecker-macOSUITests/Info.plist";
				LD_RUNPATH_SEARCH_PATHS = (
					"$(inherited)",
					"@executable_path/../Frameworks",
					"@loader_path/../Frameworks",
				);
				MACOSX_DEPLOYMENT_TARGET = 10.15;
				PRODUCT_BUNDLE_IDENTIFIER = "io.toph.VibeChecker-macOSUITests";
				PRODUCT_NAME = "$(TARGET_NAME)";
				SDKROOT = macosx;
				SWIFT_VERSION = 5.0;
				TEST_TARGET_NAME = "VibeChecker-macOS";
			};
			name = Release;
		};
		6D019AE124241633004CB2E2 /* Debug */ = {
			isa = XCBuildConfiguration;
			buildSettings = {
				ASSETCATALOG_COMPILER_APPICON_NAME = AppIcon;
				CODE_SIGN_STYLE = Automatic;
				DEVELOPMENT_ASSET_PATHS = "\"VibeChecker-iOS/Preview Content\"";
				DEVELOPMENT_TEAM = 57853V5JA8;
				ENABLE_PREVIEWS = YES;
				INFOPLIST_FILE = "VibeChecker-iOS/Info.plist";
				IPHONEOS_DEPLOYMENT_TARGET = 13.4;
				LD_RUNPATH_SEARCH_PATHS = (
					"$(inherited)",
					"@executable_path/Frameworks",
				);
				PRODUCT_BUNDLE_IDENTIFIER = "io.toph.VibeChecker-iOS";
				PRODUCT_NAME = "$(TARGET_NAME)";
				SWIFT_VERSION = 5.0;
				TARGETED_DEVICE_FAMILY = "1,2";
			};
			name = Debug;
		};
		6D019AE224241633004CB2E2 /* Release */ = {
			isa = XCBuildConfiguration;
			buildSettings = {
				ASSETCATALOG_COMPILER_APPICON_NAME = AppIcon;
				CODE_SIGN_STYLE = Automatic;
				DEVELOPMENT_ASSET_PATHS = "\"VibeChecker-iOS/Preview Content\"";
				DEVELOPMENT_TEAM = 57853V5JA8;
				ENABLE_PREVIEWS = YES;
				INFOPLIST_FILE = "VibeChecker-iOS/Info.plist";
				IPHONEOS_DEPLOYMENT_TARGET = 13.4;
				LD_RUNPATH_SEARCH_PATHS = (
					"$(inherited)",
					"@executable_path/Frameworks",
				);
				PRODUCT_BUNDLE_IDENTIFIER = "io.toph.VibeChecker-iOS";
				PRODUCT_NAME = "$(TARGET_NAME)";
				SWIFT_VERSION = 5.0;
				TARGETED_DEVICE_FAMILY = "1,2";
			};
			name = Release;
		};
		6D019AE424241633004CB2E2 /* Debug */ = {
			isa = XCBuildConfiguration;
			buildSettings = {
				ALWAYS_EMBED_SWIFT_STANDARD_LIBRARIES = YES;
				BUNDLE_LOADER = "$(TEST_HOST)";
				CODE_SIGN_STYLE = Automatic;
				DEVELOPMENT_TEAM = 57853V5JA8;
				INFOPLIST_FILE = "VibeChecker-iOSTests/Info.plist";
				IPHONEOS_DEPLOYMENT_TARGET = 13.4;
				LD_RUNPATH_SEARCH_PATHS = (
					"$(inherited)",
					"@executable_path/Frameworks",
					"@loader_path/Frameworks",
				);
				PRODUCT_BUNDLE_IDENTIFIER = "io.toph.VibeChecker-iOSTests";
				PRODUCT_NAME = "$(TARGET_NAME)";
				SWIFT_VERSION = 5.0;
				TARGETED_DEVICE_FAMILY = "1,2";
				TEST_HOST = "$(BUILT_PRODUCTS_DIR)/VibeChecker-iOS.app/VibeChecker-iOS";
			};
			name = Debug;
		};
		6D019AE524241633004CB2E2 /* Release */ = {
			isa = XCBuildConfiguration;
			buildSettings = {
				ALWAYS_EMBED_SWIFT_STANDARD_LIBRARIES = YES;
				BUNDLE_LOADER = "$(TEST_HOST)";
				CODE_SIGN_STYLE = Automatic;
				DEVELOPMENT_TEAM = 57853V5JA8;
				INFOPLIST_FILE = "VibeChecker-iOSTests/Info.plist";
				IPHONEOS_DEPLOYMENT_TARGET = 13.4;
				LD_RUNPATH_SEARCH_PATHS = (
					"$(inherited)",
					"@executable_path/Frameworks",
					"@loader_path/Frameworks",
				);
				PRODUCT_BUNDLE_IDENTIFIER = "io.toph.VibeChecker-iOSTests";
				PRODUCT_NAME = "$(TARGET_NAME)";
				SWIFT_VERSION = 5.0;
				TARGETED_DEVICE_FAMILY = "1,2";
				TEST_HOST = "$(BUILT_PRODUCTS_DIR)/VibeChecker-iOS.app/VibeChecker-iOS";
			};
			name = Release;
		};
		6D019AE724241633004CB2E2 /* Debug */ = {
			isa = XCBuildConfiguration;
			buildSettings = {
				ALWAYS_EMBED_SWIFT_STANDARD_LIBRARIES = YES;
				CODE_SIGN_STYLE = Automatic;
				DEVELOPMENT_TEAM = 57853V5JA8;
				INFOPLIST_FILE = "VibeChecker-iOSUITests/Info.plist";
				IPHONEOS_DEPLOYMENT_TARGET = 13.4;
				LD_RUNPATH_SEARCH_PATHS = (
					"$(inherited)",
					"@executable_path/Frameworks",
					"@loader_path/Frameworks",
				);
				PRODUCT_BUNDLE_IDENTIFIER = "io.toph.VibeChecker-iOSUITests";
				PRODUCT_NAME = "$(TARGET_NAME)";
				SWIFT_VERSION = 5.0;
				TARGETED_DEVICE_FAMILY = "1,2";
				TEST_TARGET_NAME = "VibeChecker-iOS";
			};
			name = Debug;
		};
		6D019AE824241633004CB2E2 /* Release */ = {
			isa = XCBuildConfiguration;
			buildSettings = {
				ALWAYS_EMBED_SWIFT_STANDARD_LIBRARIES = YES;
				CODE_SIGN_STYLE = Automatic;
				DEVELOPMENT_TEAM = 57853V5JA8;
				INFOPLIST_FILE = "VibeChecker-iOSUITests/Info.plist";
				IPHONEOS_DEPLOYMENT_TARGET = 13.4;
				LD_RUNPATH_SEARCH_PATHS = (
					"$(inherited)",
					"@executable_path/Frameworks",
					"@loader_path/Frameworks",
				);
				PRODUCT_BUNDLE_IDENTIFIER = "io.toph.VibeChecker-iOSUITests";
				PRODUCT_NAME = "$(TARGET_NAME)";
				SWIFT_VERSION = 5.0;
				TARGETED_DEVICE_FAMILY = "1,2";
				TEST_TARGET_NAME = "VibeChecker-iOS";
			};
			name = Release;
		};
		6DC5CF3624119D33004E090B /* Debug */ = {
			isa = XCBuildConfiguration;
			buildSettings = {
				ALWAYS_SEARCH_USER_PATHS = NO;
				CLANG_ANALYZER_NONNULL = YES;
				CLANG_ANALYZER_NUMBER_OBJECT_CONVERSION = YES_AGGRESSIVE;
				CLANG_CXX_LANGUAGE_STANDARD = "gnu++14";
				CLANG_CXX_LIBRARY = "libc++";
				CLANG_ENABLE_MODULES = YES;
				CLANG_ENABLE_OBJC_ARC = YES;
				CLANG_ENABLE_OBJC_WEAK = YES;
				CLANG_WARN_BLOCK_CAPTURE_AUTORELEASING = YES;
				CLANG_WARN_BOOL_CONVERSION = YES;
				CLANG_WARN_COMMA = YES;
				CLANG_WARN_CONSTANT_CONVERSION = YES;
				CLANG_WARN_DEPRECATED_OBJC_IMPLEMENTATIONS = YES;
				CLANG_WARN_DIRECT_OBJC_ISA_USAGE = YES_ERROR;
				CLANG_WARN_DOCUMENTATION_COMMENTS = YES;
				CLANG_WARN_EMPTY_BODY = YES;
				CLANG_WARN_ENUM_CONVERSION = YES;
				CLANG_WARN_INFINITE_RECURSION = YES;
				CLANG_WARN_INT_CONVERSION = YES;
				CLANG_WARN_NON_LITERAL_NULL_CONVERSION = YES;
				CLANG_WARN_OBJC_IMPLICIT_RETAIN_SELF = YES;
				CLANG_WARN_OBJC_LITERAL_CONVERSION = YES;
				CLANG_WARN_OBJC_ROOT_CLASS = YES_ERROR;
				CLANG_WARN_RANGE_LOOP_ANALYSIS = YES;
				CLANG_WARN_STRICT_PROTOTYPES = YES;
				CLANG_WARN_SUSPICIOUS_MOVE = YES;
				CLANG_WARN_UNGUARDED_AVAILABILITY = YES_AGGRESSIVE;
				CLANG_WARN_UNREACHABLE_CODE = YES;
				CLANG_WARN__DUPLICATE_METHOD_MATCH = YES;
				COPY_PHASE_STRIP = NO;
				DEBUG_INFORMATION_FORMAT = dwarf;
				ENABLE_STRICT_OBJC_MSGSEND = YES;
				ENABLE_TESTABILITY = YES;
				GCC_C_LANGUAGE_STANDARD = gnu11;
				GCC_DYNAMIC_NO_PIC = NO;
				GCC_NO_COMMON_BLOCKS = YES;
				GCC_OPTIMIZATION_LEVEL = 0;
				GCC_PREPROCESSOR_DEFINITIONS = (
					"DEBUG=1",
					"$(inherited)",
				);
				GCC_WARN_64_TO_32_BIT_CONVERSION = YES;
				GCC_WARN_ABOUT_RETURN_TYPE = YES_ERROR;
				GCC_WARN_UNDECLARED_SELECTOR = YES;
				GCC_WARN_UNINITIALIZED_AUTOS = YES_AGGRESSIVE;
				GCC_WARN_UNUSED_FUNCTION = YES;
				GCC_WARN_UNUSED_VARIABLE = YES;
				IPHONEOS_DEPLOYMENT_TARGET = 13.2;
				MTL_ENABLE_DEBUG_INFO = INCLUDE_SOURCE;
				MTL_FAST_MATH = YES;
				ONLY_ACTIVE_ARCH = YES;
				SDKROOT = iphoneos;
				SWIFT_ACTIVE_COMPILATION_CONDITIONS = DEBUG;
				SWIFT_OBJC_BRIDGING_HEADER = "";
				SWIFT_OPTIMIZATION_LEVEL = "-Onone";
			};
			name = Debug;
		};
		6DC5CF3724119D33004E090B /* Release */ = {
			isa = XCBuildConfiguration;
			buildSettings = {
				ALWAYS_SEARCH_USER_PATHS = NO;
				CLANG_ANALYZER_NONNULL = YES;
				CLANG_ANALYZER_NUMBER_OBJECT_CONVERSION = YES_AGGRESSIVE;
				CLANG_CXX_LANGUAGE_STANDARD = "gnu++14";
				CLANG_CXX_LIBRARY = "libc++";
				CLANG_ENABLE_MODULES = YES;
				CLANG_ENABLE_OBJC_ARC = YES;
				CLANG_ENABLE_OBJC_WEAK = YES;
				CLANG_WARN_BLOCK_CAPTURE_AUTORELEASING = YES;
				CLANG_WARN_BOOL_CONVERSION = YES;
				CLANG_WARN_COMMA = YES;
				CLANG_WARN_CONSTANT_CONVERSION = YES;
				CLANG_WARN_DEPRECATED_OBJC_IMPLEMENTATIONS = YES;
				CLANG_WARN_DIRECT_OBJC_ISA_USAGE = YES_ERROR;
				CLANG_WARN_DOCUMENTATION_COMMENTS = YES;
				CLANG_WARN_EMPTY_BODY = YES;
				CLANG_WARN_ENUM_CONVERSION = YES;
				CLANG_WARN_INFINITE_RECURSION = YES;
				CLANG_WARN_INT_CONVERSION = YES;
				CLANG_WARN_NON_LITERAL_NULL_CONVERSION = YES;
				CLANG_WARN_OBJC_IMPLICIT_RETAIN_SELF = YES;
				CLANG_WARN_OBJC_LITERAL_CONVERSION = YES;
				CLANG_WARN_OBJC_ROOT_CLASS = YES_ERROR;
				CLANG_WARN_RANGE_LOOP_ANALYSIS = YES;
				CLANG_WARN_STRICT_PROTOTYPES = YES;
				CLANG_WARN_SUSPICIOUS_MOVE = YES;
				CLANG_WARN_UNGUARDED_AVAILABILITY = YES_AGGRESSIVE;
				CLANG_WARN_UNREACHABLE_CODE = YES;
				CLANG_WARN__DUPLICATE_METHOD_MATCH = YES;
				COPY_PHASE_STRIP = NO;
				DEBUG_INFORMATION_FORMAT = "dwarf-with-dsym";
				ENABLE_NS_ASSERTIONS = NO;
				ENABLE_STRICT_OBJC_MSGSEND = YES;
				GCC_C_LANGUAGE_STANDARD = gnu11;
				GCC_NO_COMMON_BLOCKS = YES;
				GCC_WARN_64_TO_32_BIT_CONVERSION = YES;
				GCC_WARN_ABOUT_RETURN_TYPE = YES_ERROR;
				GCC_WARN_UNDECLARED_SELECTOR = YES;
				GCC_WARN_UNINITIALIZED_AUTOS = YES_AGGRESSIVE;
				GCC_WARN_UNUSED_FUNCTION = YES;
				GCC_WARN_UNUSED_VARIABLE = YES;
				IPHONEOS_DEPLOYMENT_TARGET = 13.2;
				MTL_ENABLE_DEBUG_INFO = NO;
				MTL_FAST_MATH = YES;
				SDKROOT = iphoneos;
				SWIFT_COMPILATION_MODE = wholemodule;
				SWIFT_OBJC_BRIDGING_HEADER = "";
				SWIFT_OPTIMIZATION_LEVEL = "-O";
				VALIDATE_PRODUCT = YES;
			};
			name = Release;
		};
/* End XCBuildConfiguration section */

/* Begin XCConfigurationList section */
		6D019AA9242415FE004CB2E2 /* Build configuration list for PBXNativeTarget "VibeChecker-macOS" */ = {
			isa = XCConfigurationList;
			buildConfigurations = (
				6D019AAA242415FE004CB2E2 /* Debug */,
				6D019AAB242415FE004CB2E2 /* Release */,
			);
			defaultConfigurationIsVisible = 0;
			defaultConfigurationName = Release;
		};
		6D019AAC242415FE004CB2E2 /* Build configuration list for PBXNativeTarget "VibeChecker-macOSTests" */ = {
			isa = XCConfigurationList;
			buildConfigurations = (
				6D019AAD242415FE004CB2E2 /* Debug */,
				6D019AAE242415FE004CB2E2 /* Release */,
			);
			defaultConfigurationIsVisible = 0;
			defaultConfigurationName = Release;
		};
		6D019AAF242415FE004CB2E2 /* Build configuration list for PBXNativeTarget "VibeChecker-macOSUITests" */ = {
			isa = XCConfigurationList;
			buildConfigurations = (
				6D019AB0242415FE004CB2E2 /* Debug */,
				6D019AB1242415FE004CB2E2 /* Release */,
			);
			defaultConfigurationIsVisible = 0;
			defaultConfigurationName = Release;
		};
		6D019AE024241633004CB2E2 /* Build configuration list for PBXNativeTarget "VibeChecker-iOS" */ = {
			isa = XCConfigurationList;
			buildConfigurations = (
				6D019AE124241633004CB2E2 /* Debug */,
				6D019AE224241633004CB2E2 /* Release */,
			);
			defaultConfigurationIsVisible = 0;
			defaultConfigurationName = Release;
		};
		6D019AE324241633004CB2E2 /* Build configuration list for PBXNativeTarget "VibeChecker-iOSTests" */ = {
			isa = XCConfigurationList;
			buildConfigurations = (
				6D019AE424241633004CB2E2 /* Debug */,
				6D019AE524241633004CB2E2 /* Release */,
			);
			defaultConfigurationIsVisible = 0;
			defaultConfigurationName = Release;
		};
		6D019AE624241633004CB2E2 /* Build configuration list for PBXNativeTarget "VibeChecker-iOSUITests" */ = {
			isa = XCConfigurationList;
			buildConfigurations = (
				6D019AE724241633004CB2E2 /* Debug */,
				6D019AE824241633004CB2E2 /* Release */,
			);
			defaultConfigurationIsVisible = 0;
			defaultConfigurationName = Release;
		};
		6DC5CF0624119D30004E090B /* Build configuration list for PBXProject "VibeChecker" */ = {
			isa = XCConfigurationList;
			buildConfigurations = (
				6DC5CF3624119D33004E090B /* Debug */,
				6DC5CF3724119D33004E090B /* Release */,
			);
			defaultConfigurationIsVisible = 0;
			defaultConfigurationName = Release;
		};
/* End XCConfigurationList section */

/* Begin XCVersionGroup section */
		6D019ABC24241631004CB2E2 /* VibeChecker_iOS.xcdatamodeld */ = {
			isa = XCVersionGroup;
			children = (
				6D019ABD24241631004CB2E2 /* VibeChecker_iOS.xcdatamodel */,
			);
			currentVersion = 6D019ABD24241631004CB2E2 /* VibeChecker_iOS.xcdatamodel */;
			path = VibeChecker_iOS.xcdatamodeld;
			sourceTree = "<group>";
			versionGroupType = wrapper.xcdatamodel;
		};
		6DC5CF1224119D30004E090B /* VibeChecker.xcdatamodeld */ = {
			isa = XCVersionGroup;
			children = (
				6DC5CF1324119D30004E090B /* VibeChecker.xcdatamodel */,
			);
			currentVersion = 6DC5CF1324119D30004E090B /* VibeChecker.xcdatamodel */;
			path = VibeChecker.xcdatamodeld;
			sourceTree = "<group>";
			versionGroupType = wrapper.xcdatamodel;
		};
/* End XCVersionGroup section */
	};
	rootObject = 6DC5CF0324119D30004E090B /* Project object */;
}
